# This file is autogenerated, do not edit; changes may be undone by the next 'dep ensure'.


[[projects]]
  name = "github.com/stretchr/testify"
  packages = ["assert"]
  revision = "2160c81a963bc827f650a9d420263d05d35bb97e"

[[projects]]
  name = "gopkg.in/yaml.v2"
  packages = ["."]
  revision = "49c95bdc21843256fb6c4e0d370a05f24a0bf213"

[solve-meta]
  analyzer-name = "dep"
  analyzer-version = 1
  inputs-digest = "f53d74bd83a7b0665431d67626bf29e691e48315595773417f9704d4e3aa53f5"
  solver-name = "gps-cdcl"
  solver-version = 1
